<?xml version="1.0" encoding="utf-8"?>
<Project ToolsVersion="4.0" xmlns="http://schemas.microsoft.com/developer/msbuild/2003">
  <ItemGroup>
    <Filter Include="application">
      <UniqueIdentifier>{F9860F5B-653C-8850-EE30-82275AE57E54}</UniqueIdentifier>
    </Filter>
    <Filter Include="extern">
      <UniqueIdentifier>{7BE134FC-6783-5FD2-503E-73263C7FE622}</UniqueIdentifier>
    </Filter>
  </ItemGroup>
  <ItemGroup>
    <ClInclude Include="..\..\..\..\application\Cube.h">
      <Filter>application</Filter>
    </ClInclude>
    <ClInclude Include="..\..\..\..\application\LightCube.h">
      <Filter>application</Filter>
    </ClInclude>
    <ClInclude Include="..\..\..\..\application\enabler.h">
      <Filter>application</Filter>
    </ClInclude>
  </ItemGroup>
  <ItemGroup>
    <ClCompile Include="..\..\..\..\application\Cube.cpp">
      <Filter>application</Filter>
    </ClCompile>
    <ClCompile Include="..\..\..\..\application\LightCube.cpp">
      <Filter>application</Filter>
    </ClCompile>
    <ClCompile Include="..\..\..\..\application\main.cpp">
      <Filter>application</Filter>
    </ClCompile>
    <ClCompile Include="..\..\..\..\extern\glad.c">
      <Filter>extern</Filter>
    </ClCompile>
    <ClCompile Include="main3.cpp">
      <Filter>application</Filter>
    </ClCompile>
    <ClCompile Include="main3type.cpp">
      <Filter>application</Filter>
    </ClCompile>
    <ClCompile Include="main4.cpp">
      <Filter>application</Filter>
    </ClCompile>
    <ClCompile Include="mainWinapi.cpp">
      <Filter>application</Filter>
    </ClCompile>
    <ClCompile Include="..\..\..\..\application\main_ui_button.cpp">
      <Filter>application</Filter>
    </ClCompile>
    <ClCompile Include="..\..\..\..\application\main_gl_text.cpp">
      <Filter>application</Filter>
    </ClCompile>
  </ItemGroup>
</Project>